
Microsoft Visual Studio Solution File, Format Version 12.00
# Visual Studio 15
VisualStudioVersion = 15.0.28010.2050
MinimumVisualStudioVersion = 10.0.40219.1
Project("{FAE04EC0-301F-11D3-BF4B-00C04F79EFBC}") = "GraniteHouse", "GraniteHouse\GraniteHouse.csproj", "{8CF55175-D333-485E-ACED-942B4477C23A}"
EndProject
Global
	GlobalSection(SolutionConfigurationPlatforms) = preSolution
		Debug|Any CPU = Debug|Any CPU
		Release|Any CPU = Release|Any CPU
	EndGlobalSection
	GlobalSection(ProjectConfigurationPlatforms) = postSolution
		{8CF55175-D333-485E-ACED-942B4477C23A}.Debug|Any CPU.ActiveCfg = Debug|Any CPU
		{8CF55175-D333-485E-ACED-942B4477C23A}.Debug|Any CPU.Build.0 = Debug|Any CPU
		{8CF55175-D333-485E-ACED-942B4477C23A}.Release|Any CPU.ActiveCfg = Release|Any CPU
		{8CF55175-D333-485E-ACED-942B4477C23A}.Release|Any CPU.Build.0 = Release|Any CPU
	EndGlobalSection
	GlobalSection(SolutionProperties) = preSolution
		HideSolutionNode = FALSE
	EndGlobalSection
	GlobalSection(ExtensibilityGlobals) = postSolution
		SolutionGuid = {5694CA3D-6C91-499B-B4F9-AEABC99714EA}
	EndGlobalSection
EndGlobal
